
Microsoft Visual Studio Solution File, Format Version 12.00
# Visual Studio 15
VisualStudioVersion = 15.0.27428.1
MinimumVisualStudioVersion = 10.0.40219.1
Project("{FAE04EC0-301F-11D3-BF4B-00C04F79EFBC}") = "DataBase", "DataBase\DataBase.csproj", "{C8526F0E-EA3D-452D-B8A3-7D84007C1F14}"
EndProject
Project("{FAE04EC0-301F-11D3-BF4B-00C04F79EFBC}") = "Escritorio", "Escritorio\Escritorio.csproj", "{4BDE1A31-F720-46A3-ABB7-745C128DDDA7}"
EndProject
Project("{FAE04EC0-301F-11D3-BF4B-00C04F79EFBC}") = "Utilities", "Utilities\Utilities.csproj", "{F5A10813-D966-4683-ABC6-4F01D6E2DAB7}"
EndProject
Global
	GlobalSection(SolutionConfigurationPlatforms) = preSolution
		Debug|Any CPU = Debug|Any CPU
		Release|Any CPU = Release|Any CPU
	EndGlobalSection
	GlobalSection(ProjectConfigurationPlatforms) = postSolution
		{C8526F0E-EA3D-452D-B8A3-7D84007C1F14}.Debug|Any CPU.ActiveCfg = Debug|Any CPU
		{C8526F0E-EA3D-452D-B8A3-7D84007C1F14}.Debug|Any CPU.Build.0 = Debug|Any CPU
		{C8526F0E-EA3D-452D-B8A3-7D84007C1F14}.Release|Any CPU.ActiveCfg = Release|Any CPU
		{C8526F0E-EA3D-452D-B8A3-7D84007C1F14}.Release|Any CPU.Build.0 = Release|Any CPU
		{4BDE1A31-F720-46A3-ABB7-745C128DDDA7}.Debug|Any CPU.ActiveCfg = Debug|Any CPU
		{4BDE1A31-F720-46A3-ABB7-745C128DDDA7}.Debug|Any CPU.Build.0 = Debug|Any CPU
		{4BDE1A31-F720-46A3-ABB7-745C128DDDA7}.Release|Any CPU.ActiveCfg = Release|Any CPU
		{4BDE1A31-F720-46A3-ABB7-745C128DDDA7}.Release|Any CPU.Build.0 = Release|Any CPU
		{F5A10813-D966-4683-ABC6-4F01D6E2DAB7}.Debug|Any CPU.ActiveCfg = Debug|Any CPU
		{F5A10813-D966-4683-ABC6-4F01D6E2DAB7}.Debug|Any CPU.Build.0 = Debug|Any CPU
		{F5A10813-D966-4683-ABC6-4F01D6E2DAB7}.Release|Any CPU.ActiveCfg = Release|Any CPU
		{F5A10813-D966-4683-ABC6-4F01D6E2DAB7}.Release|Any CPU.Build.0 = Release|Any CPU
	EndGlobalSection
	GlobalSection(SolutionProperties) = preSolution
		HideSolutionNode = FALSE
	EndGlobalSection
	GlobalSection(ExtensibilityGlobals) = postSolution
		SolutionGuid = {211F67FF-A59C-4C4F-A00F-F8B1E0AA2A97}
	EndGlobalSection
EndGlobal
